// !$*UTF8*$!
{
	archiveVersion = 1;
	classes = {
	};
	objectVersion = 46;
	objects = {

/* Begin PBXBuildFile section */
		8733161C17914129001DD588 /* Foundation.framework in Frameworks */ = {isa = PBXBuildFile; fileRef = 8733161B17914129001DD588 /* Foundation.framework */; };
		8733162B1791412A001DD588 /* SenTestingKit.framework in Frameworks */ = {isa = PBXBuildFile; fileRef = 8733162A1791412A001DD588 /* SenTestingKit.framework */; };
		8733162D1791412A001DD588 /* UIKit.framework in Frameworks */ = {isa = PBXBuildFile; fileRef = 8733162C1791412A001DD588 /* UIKit.framework */; };
		8733162E1791412A001DD588 /* Foundation.framework in Frameworks */ = {isa = PBXBuildFile; fileRef = 8733161B17914129001DD588 /* Foundation.framework */; };
		873316311791412A001DD588 /* libDoodleKit.a in Frameworks */ = {isa = PBXBuildFile; fileRef = 8733161817914129001DD588 /* libDoodleKit.a */; };
		873316371791412A001DD588 /* InfoPlist.strings in Resources */ = {isa = PBXBuildFile; fileRef = 873316351791412A001DD588 /* InfoPlist.strings */; };
		8733163A1791412A001DD588 /* DoodleKitTests.m in Sources */ = {isa = PBXBuildFile; fileRef = 873316391791412A001DD588 /* DoodleKitTests.m */; };
		8733164A17914468001DD588 /* ACEDrawingTools.m in Sources */ = {isa = PBXBuildFile; fileRef = 8733164517914468001DD588 /* ACEDrawingTools.m */; };
		8733164B17914468001DD588 /* DKDoodleView.m in Sources */ = {isa = PBXBuildFile; fileRef = 8733164717914468001DD588 /* DKDoodleView.m */; };
		8733164C17914468001DD588 /* DKSerializer.m in Sources */ = {isa = PBXBuildFile; fileRef = 8733164917914468001DD588 /* DKSerializer.m */; };
		8733165117914828001DD588 /* DKDoodleView.h in Headers */ = {isa = PBXBuildFile; fileRef = 8733164617914468001DD588 /* DKDoodleView.h */; settings = {ATTRIBUTES = (Public, ); }; };
		8733165217914831001DD588 /* DoodleKit.h in Headers */ = {isa = PBXBuildFile; fileRef = 8733164D17914702001DD588 /* DoodleKit.h */; settings = {ATTRIBUTES = (Public, ); }; };
		873316531791483B001DD588 /* DKSerializer.h in Headers */ = {isa = PBXBuildFile; fileRef = 8733164817914468001DD588 /* DKSerializer.h */; settings = {ATTRIBUTES = (Public, ); }; };
		87331657179148B6001DD588 /* CoreGraphics.framework in Frameworks */ = {isa = PBXBuildFile; fileRef = 87331656179148B6001DD588 /* CoreGraphics.framework */; };
		8733165917914944001DD588 /* UIKit.framework in Frameworks */ = {isa = PBXBuildFile; fileRef = 8733165817914944001DD588 /* UIKit.framework */; };
/* End PBXBuildFile section */

/* Begin PBXContainerItemProxy section */
		8733162F1791412A001DD588 /* PBXContainerItemProxy */ = {
			isa = PBXContainerItemProxy;
			containerPortal = 8733161017914129001DD588 /* Project object */;
			proxyType = 1;
			remoteGlobalIDString = 8733161717914129001DD588;
			remoteInfo = DoodleKit;
		};
/* End PBXContainerItemProxy section */

/* Begin PBXCopyFilesBuildPhase section */
		8733161617914129001DD588 /* CopyFiles */ = {
			isa = PBXCopyFilesBuildPhase;
			buildActionMask = 2147483647;
			dstPath = "include/${PRODUCT_NAME}";
			dstSubfolderSpec = 16;
			files = (
			);
			runOnlyForDeploymentPostprocessing = 0;
		};
/* End PBXCopyFilesBuildPhase section */

/* Begin PBXFileReference section */
		8733161817914129001DD588 /* libDoodleKit.a */ = {isa = PBXFileReference; explicitFileType = archive.ar; includeInIndex = 0; path = libDoodleKit.a; sourceTree = BUILT_PRODUCTS_DIR; };
		8733161B17914129001DD588 /* Foundation.framework */ = {isa = PBXFileReference; lastKnownFileType = wrapper.framework; name = Foundation.framework; path = System/Library/Frameworks/Foundation.framework; sourceTree = SDKROOT; };
		8733161F17914129001DD588 /* DoodleKit-Prefix.pch */ = {isa = PBXFileReference; lastKnownFileType = sourcecode.c.h; path = "DoodleKit-Prefix.pch"; sourceTree = "<group>"; };
		873316291791412A001DD588 /* DoodleKitTests.octest */ = {isa = PBXFileReference; explicitFileType = wrapper.cfbundle; includeInIndex = 0; path = DoodleKitTests.octest; sourceTree = BUILT_PRODUCTS_DIR; };
		8733162A1791412A001DD588 /* SenTestingKit.framework */ = {isa = PBXFileReference; lastKnownFileType = wrapper.framework; name = SenTestingKit.framework; path = Library/Frameworks/SenTestingKit.framework; sourceTree = DEVELOPER_DIR; };
		8733162C1791412A001DD588 /* UIKit.framework */ = {isa = PBXFileReference; lastKnownFileType = wrapper.framework; name = UIKit.framework; path = Library/Frameworks/UIKit.framework; sourceTree = DEVELOPER_DIR; };
		873316341791412A001DD588 /* DoodleKitTests-Info.plist */ = {isa = PBXFileReference; lastKnownFileType = text.plist.xml; path = "DoodleKitTests-Info.plist"; sourceTree = "<group>"; };
		873316361791412A001DD588 /* en */ = {isa = PBXFileReference; lastKnownFileType = text.plist.strings; name = en; path = en.lproj/InfoPlist.strings; sourceTree = "<group>"; };
		873316381791412A001DD588 /* DoodleKitTests.h */ = {isa = PBXFileReference; lastKnownFileType = sourcecode.c.h; path = DoodleKitTests.h; sourceTree = "<group>"; };
		873316391791412A001DD588 /* DoodleKitTests.m */ = {isa = PBXFileReference; lastKnownFileType = sourcecode.c.objc; path = DoodleKitTests.m; sourceTree = "<group>"; };
		8733164417914468001DD588 /* ACEDrawingTools.h */ = {isa = PBXFileReference; fileEncoding = 4; lastKnownFileType = sourcecode.c.h; path = ACEDrawingTools.h; sourceTree = "<group>"; };
		8733164517914468001DD588 /* ACEDrawingTools.m */ = {isa = PBXFileReference; fileEncoding = 4; lastKnownFileType = sourcecode.c.objc; path = ACEDrawingTools.m; sourceTree = "<group>"; };
		8733164617914468001DD588 /* DKDoodleView.h */ = {isa = PBXFileReference; fileEncoding = 4; lastKnownFileType = sourcecode.c.h; path = DKDoodleView.h; sourceTree = "<group>"; };
		8733164717914468001DD588 /* DKDoodleView.m */ = {isa = PBXFileReference; fileEncoding = 4; lastKnownFileType = sourcecode.c.objc; path = DKDoodleView.m; sourceTree = "<group>"; };
		8733164817914468001DD588 /* DKSerializer.h */ = {isa = PBXFileReference; fileEncoding = 4; lastKnownFileType = sourcecode.c.h; path = DKSerializer.h; sourceTree = "<group>"; };
		8733164917914468001DD588 /* DKSerializer.m */ = {isa = PBXFileReference; fileEncoding = 4; lastKnownFileType = sourcecode.c.objc; path = DKSerializer.m; sourceTree = "<group>"; };
		8733164D17914702001DD588 /* DoodleKit.h */ = {isa = PBXFileReference; fileEncoding = 4; lastKnownFileType = sourcecode.c.h; path = DoodleKit.h; sourceTree = "<group>"; };
		873316541791487B001DD588 /* CoreFoundation.framework */ = {isa = PBXFileReference; lastKnownFileType = wrapper.framework; name = CoreFoundation.framework; path = System/Library/Frameworks/CoreFoundation.framework; sourceTree = SDKROOT; };
		87331656179148B6001DD588 /* CoreGraphics.framework */ = {isa = PBXFileReference; lastKnownFileType = wrapper.framework; name = CoreGraphics.framework; path = System/Library/Frameworks/CoreGraphics.framework; sourceTree = SDKROOT; };
		8733165817914944001DD588 /* UIKit.framework */ = {isa = PBXFileReference; lastKnownFileType = wrapper.framework; name = UIKit.framework; path = System/Library/Frameworks/UIKit.framework; sourceTree = SDKROOT; };
/* End PBXFileReference section */

/* Begin PBXFrameworksBuildPhase section */
		8733161517914129001DD588 /* Frameworks */ = {
			isa = PBXFrameworksBuildPhase;
			buildActionMask = 2147483647;
			files = (
				8733165917914944001DD588 /* UIKit.framework in Frameworks */,
				8733161C17914129001DD588 /* Foundation.framework in Frameworks */,
				87331657179148B6001DD588 /* CoreGraphics.framework in Frameworks */,
			);
			runOnlyForDeploymentPostprocessing = 0;
		};
		873316251791412A001DD588 /* Frameworks */ = {
			isa = PBXFrameworksBuildPhase;
			buildActionMask = 2147483647;
			files = (
				8733162B1791412A001DD588 /* SenTestingKit.framework in Frameworks */,
				8733162D1791412A001DD588 /* UIKit.framework in Frameworks */,
				8733162E1791412A001DD588 /* Foundation.framework in Frameworks */,
				873316311791412A001DD588 /* libDoodleKit.a in Frameworks */,
			);
			runOnlyForDeploymentPostprocessing = 0;
		};
/* End PBXFrameworksBuildPhase section */

/* Begin PBXGroup section */
		8733160F17914129001DD588 = {
			isa = PBXGroup;
			children = (
				8733161D17914129001DD588 /* DoodleKit */,
				873316321791412A001DD588 /* DoodleKitTests */,
				8733161A17914129001DD588 /* Frameworks */,
				8733161917914129001DD588 /* Products */,
			);
			sourceTree = "<group>";
		};
		8733161917914129001DD588 /* Products */ = {
			isa = PBXGroup;
			children = (
				8733161817914129001DD588 /* libDoodleKit.a */,
				873316291791412A001DD588 /* DoodleKitTests.octest */,
			);
			name = Products;
			sourceTree = "<group>";
		};
		8733161A17914129001DD588 /* Frameworks */ = {
			isa = PBXGroup;
			children = (
				8733165817914944001DD588 /* UIKit.framework */,
				87331656179148B6001DD588 /* CoreGraphics.framework */,
				873316541791487B001DD588 /* CoreFoundation.framework */,
				8733161B17914129001DD588 /* Foundation.framework */,
				8733162A1791412A001DD588 /* SenTestingKit.framework */,
				8733162C1791412A001DD588 /* UIKit.framework */,
			);
			name = Frameworks;
			sourceTree = "<group>";
		};
		8733161D17914129001DD588 /* DoodleKit */ = {
			isa = PBXGroup;
			children = (
				8733164D17914702001DD588 /* DoodleKit.h */,
				8733164317914468001DD588 /* Drawing */,
				8733161E17914129001DD588 /* Supporting Files */,
			);
			path = DoodleKit;
			sourceTree = "<group>";
		};
		8733161E17914129001DD588 /* Supporting Files */ = {
			isa = PBXGroup;
			children = (
				8733161F17914129001DD588 /* DoodleKit-Prefix.pch */,
			);
			name = "Supporting Files";
			sourceTree = "<group>";
		};
		873316321791412A001DD588 /* DoodleKitTests */ = {
			isa = PBXGroup;
			children = (
				873316381791412A001DD588 /* DoodleKitTests.h */,
				873316391791412A001DD588 /* DoodleKitTests.m */,
				873316331791412A001DD588 /* Supporting Files */,
			);
			path = DoodleKitTests;
			sourceTree = "<group>";
		};
		873316331791412A001DD588 /* Supporting Files */ = {
			isa = PBXGroup;
			children = (
				873316341791412A001DD588 /* DoodleKitTests-Info.plist */,
				873316351791412A001DD588 /* InfoPlist.strings */,
			);
			name = "Supporting Files";
			sourceTree = "<group>";
		};
		8733164317914468001DD588 /* Drawing */ = {
			isa = PBXGroup;
			children = (
				8733164417914468001DD588 /* ACEDrawingTools.h */,
				8733164517914468001DD588 /* ACEDrawingTools.m */,
				8733164617914468001DD588 /* DKDoodleView.h */,
				8733164717914468001DD588 /* DKDoodleView.m */,
				8733164817914468001DD588 /* DKSerializer.h */,
				8733164917914468001DD588 /* DKSerializer.m */,
			);
			path = Drawing;
			sourceTree = "<group>";
		};
/* End PBXGroup section */

/* Begin PBXHeadersBuildPhase section */
		8733165017914824001DD588 /* Headers */ = {
			isa = PBXHeadersBuildPhase;
			buildActionMask = 2147483647;
			files = (
				8733165117914828001DD588 /* DKDoodleView.h in Headers */,
				8733165217914831001DD588 /* DoodleKit.h in Headers */,
				873316531791483B001DD588 /* DKSerializer.h in Headers */,
			);
			runOnlyForDeploymentPostprocessing = 0;
		};
/* End PBXHeadersBuildPhase section */

/* Begin PBXNativeTarget section */
		8733161717914129001DD588 /* DoodleKit */ = {
			isa = PBXNativeTarget;
			buildConfigurationList = 8733163D1791412A001DD588 /* Build configuration list for PBXNativeTarget "DoodleKit" */;
			buildPhases = (
				8733161417914129001DD588 /* Sources */,
				8733161517914129001DD588 /* Frameworks */,
				8733161617914129001DD588 /* CopyFiles */,
				8733165017914824001DD588 /* Headers */,
			);
			buildRules = (
			);
			dependencies = (
			);
			name = DoodleKit;
			productName = DoodleKit;
			productReference = 8733161817914129001DD588 /* libDoodleKit.a */;
			productType = "com.apple.product-type.library.static";
		};
		873316281791412A001DD588 /* DoodleKitTests */ = {
			isa = PBXNativeTarget;
			buildConfigurationList = 873316401791412A001DD588 /* Build configuration list for PBXNativeTarget "DoodleKitTests" */;
			buildPhases = (
				873316241791412A001DD588 /* Sources */,
				873316251791412A001DD588 /* Frameworks */,
				873316261791412A001DD588 /* Resources */,
				873316271791412A001DD588 /* ShellScript */,
			);
			buildRules = (
			);
			dependencies = (
				873316301791412A001DD588 /* PBXTargetDependency */,
			);
			name = DoodleKitTests;
			productName = DoodleKitTests;
			productReference = 873316291791412A001DD588 /* DoodleKitTests.octest */;
			productType = "com.apple.product-type.bundle";
		};
/* End PBXNativeTarget section */

/* Begin PBXProject section */
		8733161017914129001DD588 /* Project object */ = {
			isa = PBXProject;
			attributes = {
				LastUpgradeCheck = 0460;
				ORGANIZATIONNAME = DaveVan;
			};
			buildConfigurationList = 8733161317914129001DD588 /* Build configuration list for PBXProject "DoodleKit" */;
			compatibilityVersion = "Xcode 3.2";
			developmentRegion = English;
			hasScannedForEncodings = 0;
			knownRegions = (
				en,
			);
			mainGroup = 8733160F17914129001DD588;
			productRefGroup = 8733161917914129001DD588 /* Products */;
			projectDirPath = "";
			projectRoot = "";
			targets = (
				8733161717914129001DD588 /* DoodleKit */,
				873316281791412A001DD588 /* DoodleKitTests */,
			);
		};
/* End PBXProject section */

/* Begin PBXResourcesBuildPhase section */
		873316261791412A001DD588 /* Resources */ = {
			isa = PBXResourcesBuildPhase;
			buildActionMask = 2147483647;
			files = (
				873316371791412A001DD588 /* InfoPlist.strings in Resources */,
			);
			runOnlyForDeploymentPostprocessing = 0;
		};
/* End PBXResourcesBuildPhase section */

/* Begin PBXShellScriptBuildPhase section */
		873316271791412A001DD588 /* ShellScript */ = {
			isa = PBXShellScriptBuildPhase;
			buildActionMask = 2147483647;
			files = (
			);
			inputPaths = (
			);
			outputPaths = (
			);
			runOnlyForDeploymentPostprocessing = 0;
			shellPath = /bin/sh;
			shellScript = "# Run the unit tests in this test bundle.\n\"${SYSTEM_DEVELOPER_DIR}/Tools/RunUnitTests\"\n";
		};
/* End PBXShellScriptBuildPhase section */

/* Begin PBXSourcesBuildPhase section */
		8733161417914129001DD588 /* Sources */ = {
			isa = PBXSourcesBuildPhase;
			buildActionMask = 2147483647;
			files = (
				8733164A17914468001DD588 /* ACEDrawingTools.m in Sources */,
				8733164B17914468001DD588 /* DKDoodleView.m in Sources */,
				8733164C17914468001DD588 /* DKSerializer.m in Sources */,
			);
			runOnlyForDeploymentPostprocessing = 0;
		};
		873316241791412A001DD588 /* Sources */ = {
			isa = PBXSourcesBuildPhase;
			buildActionMask = 2147483647;
			files = (
				8733163A1791412A001DD588 /* DoodleKitTests.m in Sources */,
			);
			runOnlyForDeploymentPostprocessing = 0;
		};
/* End PBXSourcesBuildPhase section */

/* Begin PBXTargetDependency section */
		873316301791412A001DD588 /* PBXTargetDependency */ = {
			isa = PBXTargetDependency;
			target = 8733161717914129001DD588 /* DoodleKit */;
			targetProxy = 8733162F1791412A001DD588 /* PBXContainerItemProxy */;
		};
/* End PBXTargetDependency section */

/* Begin PBXVariantGroup section */
		873316351791412A001DD588 /* InfoPlist.strings */ = {
			isa = PBXVariantGroup;
			children = (
				873316361791412A001DD588 /* en */,
			);
			name = InfoPlist.strings;
			sourceTree = "<group>";
		};
/* End PBXVariantGroup section */

/* Begin XCBuildConfiguration section */
		8733163B1791412A001DD588 /* Debug */ = {
			isa = XCBuildConfiguration;
			buildSettings = {
				ALWAYS_SEARCH_USER_PATHS = NO;
				CLANG_CXX_LANGUAGE_STANDARD = "gnu++0x";
				CLANG_CXX_LIBRARY = "libc++";
				CLANG_ENABLE_OBJC_ARC = YES;
				CLANG_WARN_CONSTANT_CONVERSION = YES;
				CLANG_WARN_EMPTY_BODY = YES;
				CLANG_WARN_ENUM_CONVERSION = YES;
				CLANG_WARN_INT_CONVERSION = YES;
				CLANG_WARN__DUPLICATE_METHOD_MATCH = YES;
				COPY_PHASE_STRIP = NO;
				GCC_C_LANGUAGE_STANDARD = gnu99;
				GCC_DYNAMIC_NO_PIC = NO;
				GCC_OPTIMIZATION_LEVEL = 0;
				GCC_PREPROCESSOR_DEFINITIONS = (
					"DEBUG=1",
					"$(inherited)",
				);
				GCC_SYMBOLS_PRIVATE_EXTERN = NO;
				GCC_WARN_ABOUT_RETURN_TYPE = YES;
				GCC_WARN_UNINITIALIZED_AUTOS = YES;
				GCC_WARN_UNUSED_VARIABLE = YES;
				IPHONEOS_DEPLOYMENT_TARGET = 6.1;
				ONLY_ACTIVE_ARCH = YES;
				SDKROOT = iphoneos;
			};
			name = Debug;
		};
		8733163C1791412A001DD588 /* Release */ = {
			isa = XCBuildConfiguration;
			buildSettings = {
				ALWAYS_SEARCH_USER_PATHS = NO;
				CLANG_CXX_LANGUAGE_STANDARD = "gnu++0x";
				CLANG_CXX_LIBRARY = "libc++";
				CLANG_ENABLE_OBJC_ARC = YES;
				CLANG_WARN_CONSTANT_CONVERSION = YES;
				CLANG_WARN_EMPTY_BODY = YES;
				CLANG_WARN_ENUM_CONVERSION = YES;
				CLANG_WARN_INT_CONVERSION = YES;
				CLANG_WARN__DUPLICATE_METHOD_MATCH = YES;
				COPY_PHASE_STRIP = YES;
				GCC_C_LANGUAGE_STANDARD = gnu99;
				GCC_WARN_ABOUT_RETURN_TYPE = YES;
				GCC_WARN_UNINITIALIZED_AUTOS = YES;
				GCC_WARN_UNUSED_VARIABLE = YES;
				IPHONEOS_DEPLOYMENT_TARGET = 6.1;
				SDKROOT = iphoneos;
				VALIDATE_PRODUCT = YES;
			};
			name = Release;
		};
		8733163E1791412A001DD588 /* Debug */ = {
			isa = XCBuildConfiguration;
			buildSettings = {
				DSTROOT = /tmp/DoodleKit.dst;
				GCC_PRECOMPILE_PREFIX_HEADER = YES;
				GCC_PREFIX_HEADER = "DoodleKit/DoodleKit-Prefix.pch";
				OTHER_LDFLAGS = "-ObjC";
				PRODUCT_NAME = "$(TARGET_NAME)";
				PUBLIC_HEADERS_FOLDER_PATH = "include/$(TARGET_NAME)";
				SKIP_INSTALL = YES;
			};
			name = Debug;
		};
		8733163F1791412A001DD588 /* Release */ = {
			isa = XCBuildConfiguration;
			buildSettings = {
				DSTROOT = /tmp/DoodleKit.dst;
				GCC_PRECOMPILE_PREFIX_HEADER = YES;
				GCC_PREFIX_HEADER = "DoodleKit/DoodleKit-Prefix.pch";
				OTHER_LDFLAGS = "-ObjC";
				PRODUCT_NAME = "$(TARGET_NAME)";
				PUBLIC_HEADERS_FOLDER_PATH = "include/$(TARGET_NAME)";
				SKIP_INSTALL = YES;
			};
			name = Release;
		};
		873316411791412A001DD588 /* Debug */ = {
			isa = XCBuildConfiguration;
			buildSettings = {
				FRAMEWORK_SEARCH_PATHS = (
					"\"$(SDKROOT)/Developer/Library/Frameworks\"",
					"\"$(DEVELOPER_LIBRARY_DIR)/Frameworks\"",
				);
				GCC_PRECOMPILE_PREFIX_HEADER = YES;
				GCC_PREFIX_HEADER = "DoodleKit/DoodleKit-Prefix.pch";
				INFOPLIST_FILE = "DoodleKitTests/DoodleKitTests-Info.plist";
				PRODUCT_NAME = "$(TARGET_NAME)";
				WRAPPER_EXTENSION = octest;
			};
			name = Debug;
		};
		873316421791412A001DD588 /* Release */ = {
			isa = XCBuildConfiguration;
			buildSettings = {
				FRAMEWORK_SEARCH_PATHS = (
					"\"$(SDKROOT)/Developer/Library/Frameworks\"",
					"\"$(DEVELOPER_LIBRARY_DIR)/Frameworks\"",
				);
				GCC_PRECOMPILE_PREFIX_HEADER = YES;
				GCC_PREFIX_HEADER = "DoodleKit/DoodleKit-Prefix.pch";
				INFOPLIST_FILE = "DoodleKitTests/DoodleKitTests-Info.plist";
				PRODUCT_NAME = "$(TARGET_NAME)";
				WRAPPER_EXTENSION = octest;
			};
			name = Release;
		};
/* End XCBuildConfiguration section */

/* Begin XCConfigurationList section */
		8733161317914129001DD588 /* Build configuration list for PBXProject "DoodleKit" */ = {
			isa = XCConfigurationList;
			buildConfigurations = (
				8733163B1791412A001DD588 /* Debug */,
				8733163C1791412A001DD588 /* Release */,
			);
			defaultConfigurationIsVisible = 0;
			defaultConfigurationName = Release;
		};
		8733163D1791412A001DD588 /* Build configuration list for PBXNativeTarget "DoodleKit" */ = {
			isa = XCConfigurationList;
			buildConfigurations = (
				8733163E1791412A001DD588 /* Debug */,
				8733163F1791412A001DD588 /* Release */,
			);
			defaultConfigurationIsVisible = 0;
		};
		873316401791412A001DD588 /* Build configuration list for PBXNativeTarget "DoodleKitTests" */ = {
			isa = XCConfigurationList;
			buildConfigurations = (
				873316411791412A001DD588 /* Debug */,
				873316421791412A001DD588 /* Release */,
			);
			defaultConfigurationIsVisible = 0;
		};
/* End XCConfigurationList section */
	};
	rootObject = 8733161017914129001DD588 /* Project object */;
}
