PODS:
  - BlocksKit (1.8.2):
    - libffi
  - DoodleKit (0.0.6)
  - libffi (3.0.13)

DEPENDENCIES:
  - BlocksKit (~> 1.8.2)
  - DoodleKit (from `../`)

EXTERNAL SOURCES:
  DoodleKit:
    :path: ../

SPEC CHECKSUMS:
  BlocksKit: 7396526b0816734103f6133fbb1a520c8b04e80c
  DoodleKit: 0e1da12a38d0fc47782bd1a2f534d06c6a1bc5c8
  libffi: 64ef39353e747bb2b25e1026afd96a157bf9231c

COCOAPODS: 0.22.2
